// !$*UTF8*$!
{
	archiveVersion = 1;
	classes = {
	};
	objectVersion = 50;
	objects = {

/* Begin PBXBuildFile section */
		045985CB24E2F4C40056ED51 /* AppDelegate.swift in Sources */ = {isa = PBXBuildFile; fileRef = 045985CA24E2F4C40056ED51 /* AppDelegate.swift */; };
		045985CD24E2F4C40056ED51 /* SceneDelegate.swift in Sources */ = {isa = PBXBuildFile; fileRef = 045985CC24E2F4C40056ED51 /* SceneDelegate.swift */; };
		045985CF24E2F4C40056ED51 /* ViewController.swift in Sources */ = {isa = PBXBuildFile; fileRef = 045985CE24E2F4C40056ED51 /* ViewController.swift */; };
		045985D424E2F4C70056ED51 /* Assets.xcassets in Resources */ = {isa = PBXBuildFile; fileRef = 045985D324E2F4C70056ED51 /* Assets.xcassets */; };
		045985D724E2F4C70056ED51 /* LaunchScreen.storyboard in Resources */ = {isa = PBXBuildFile; fileRef = 045985D524E2F4C70056ED51 /* LaunchScreen.storyboard */; };
		045985E024E2F66A0056ED51 /* CustomViewController.swift in Sources */ = {isa = PBXBuildFile; fileRef = 045985DF24E2F66A0056ED51 /* CustomViewController.swift */; };
		045985E224E2F6CE0056ED51 /* UIColor+theme.swift in Sources */ = {isa = PBXBuildFile; fileRef = 045985E124E2F6CE0056ED51 /* UIColor+theme.swift */; };
/* End PBXBuildFile section */

/* Begin PBXFileReference section */
		045985C724E2F4C40056ED51 /* Euphoric.app */ = {isa = PBXFileReference; explicitFileType = wrapper.application; includeInIndex = 0; path = Euphoric.app; sourceTree = BUILT_PRODUCTS_DIR; };
		045985CA24E2F4C40056ED51 /* AppDelegate.swift */ = {isa = PBXFileReference; lastKnownFileType = sourcecode.swift; path = AppDelegate.swift; sourceTree = "<group>"; };
		045985CC24E2F4C40056ED51 /* SceneDelegate.swift */ = {isa = PBXFileReference; lastKnownFileType = sourcecode.swift; path = SceneDelegate.swift; sourceTree = "<group>"; };
		045985CE24E2F4C40056ED51 /* ViewController.swift */ = {isa = PBXFileReference; lastKnownFileType = sourcecode.swift; path = ViewController.swift; sourceTree = "<group>"; };
		045985D324E2F4C70056ED51 /* Assets.xcassets */ = {isa = PBXFileReference; lastKnownFileType = folder.assetcatalog; path = Assets.xcassets; sourceTree = "<group>"; };
		045985D624E2F4C70056ED51 /* Base */ = {isa = PBXFileReference; lastKnownFileType = file.storyboard; name = Base; path = Base.lproj/LaunchScreen.storyboard; sourceTree = "<group>"; };
		045985D824E2F4C70056ED51 /* Info.plist */ = {isa = PBXFileReference; lastKnownFileType = text.plist.xml; path = Info.plist; sourceTree = "<group>"; };
		045985DF24E2F66A0056ED51 /* CustomViewController.swift */ = {isa = PBXFileReference; lastKnownFileType = sourcecode.swift; path = CustomViewController.swift; sourceTree = "<group>"; };
		045985E124E2F6CE0056ED51 /* UIColor+theme.swift */ = {isa = PBXFileReference; lastKnownFileType = sourcecode.swift; path = "UIColor+theme.swift"; sourceTree = "<group>"; };
/* End PBXFileReference section */

/* Begin PBXFrameworksBuildPhase section */
		045985C424E2F4C40056ED51 /* Frameworks */ = {
			isa = PBXFrameworksBuildPhase;
			buildActionMask = 2147483647;
			files = (
			);
			runOnlyForDeploymentPostprocessing = 0;
		};
/* End PBXFrameworksBuildPhase section */

/* Begin PBXGroup section */
		045985BE24E2F4C30056ED51 = {
			isa = PBXGroup;
			children = (
				045985C924E2F4C40056ED51 /* Euphoric */,
				045985C824E2F4C40056ED51 /* Products */,
			);
			sourceTree = "<group>";
		};
		045985C824E2F4C40056ED51 /* Products */ = {
			isa = PBXGroup;
			children = (
				045985C724E2F4C40056ED51 /* Euphoric.app */,
			);
			name = Products;
			sourceTree = "<group>";
		};
		045985C924E2F4C40056ED51 /* Euphoric */ = {
			isa = PBXGroup;
			children = (
				045985DE24E2F6440056ED51 /* Extension */,
				045985CA24E2F4C40056ED51 /* AppDelegate.swift */,
				045985CC24E2F4C40056ED51 /* SceneDelegate.swift */,
				045985CE24E2F4C40056ED51 /* ViewController.swift */,
				045985D324E2F4C70056ED51 /* Assets.xcassets */,
				045985D524E2F4C70056ED51 /* LaunchScreen.storyboard */,
				045985D824E2F4C70056ED51 /* Info.plist */,
			);
			path = Euphoric;
			sourceTree = "<group>";
		};
		045985DE24E2F6440056ED51 /* Extension */ = {
			isa = PBXGroup;
			children = (
				045985DF24E2F66A0056ED51 /* CustomViewController.swift */,
				045985E124E2F6CE0056ED51 /* UIColor+theme.swift */,
			);
			path = Extension;
			sourceTree = "<group>";
		};
/* End PBXGroup section */

/* Begin PBXNativeTarget section */
		045985C624E2F4C40056ED51 /* Euphoric */ = {
			isa = PBXNativeTarget;
			buildConfigurationList = 045985DB24E2F4C70056ED51 /* Build configuration list for PBXNativeTarget "Euphoric" */;
			buildPhases = (
				045985C324E2F4C40056ED51 /* Sources */,
				045985C424E2F4C40056ED51 /* Frameworks */,
				045985C524E2F4C40056ED51 /* Resources */,
			);
			buildRules = (
			);
			dependencies = (
			);
			name = Euphoric;
			productName = Euphoric;
			productReference = 045985C724E2F4C40056ED51 /* Euphoric.app */;
			productType = "com.apple.product-type.application";
		};
/* End PBXNativeTarget section */

/* Begin PBXProject section */
		045985BF24E2F4C30056ED51 /* Project object */ = {
			isa = PBXProject;
			attributes = {
				LastSwiftUpdateCheck = 1200;
				LastUpgradeCheck = 1200;
				TargetAttributes = {
					045985C624E2F4C40056ED51 = {
						CreatedOnToolsVersion = 12.0;
					};
				};
			};
			buildConfigurationList = 045985C224E2F4C30056ED51 /* Build configuration list for PBXProject "Euphoric" */;
			compatibilityVersion = "Xcode 9.3";
			developmentRegion = en;
			hasScannedForEncodings = 0;
			knownRegions = (
				en,
				Base,
			);
			mainGroup = 045985BE24E2F4C30056ED51;
			productRefGroup = 045985C824E2F4C40056ED51 /* Products */;
			projectDirPath = "";
			projectRoot = "";
			targets = (
				045985C624E2F4C40056ED51 /* Euphoric */,
			);
		};
/* End PBXProject section */

/* Begin PBXResourcesBuildPhase section */
		045985C524E2F4C40056ED51 /* Resources */ = {
			isa = PBXResourcesBuildPhase;
			buildActionMask = 2147483647;
			files = (
				045985D724E2F4C70056ED51 /* LaunchScreen.storyboard in Resources */,
				045985D424E2F4C70056ED51 /* Assets.xcassets in Resources */,
			);
			runOnlyForDeploymentPostprocessing = 0;
		};
/* End PBXResourcesBuildPhase section */

/* Begin PBXSourcesBuildPhase section */
		045985C324E2F4C40056ED51 /* Sources */ = {
			isa = PBXSourcesBuildPhase;
			buildActionMask = 2147483647;
			files = (
				045985CF24E2F4C40056ED51 /* ViewController.swift in Sources */,
				045985CB24E2F4C40056ED51 /* AppDelegate.swift in Sources */,
				045985CD24E2F4C40056ED51 /* SceneDelegate.swift in Sources */,
				045985E224E2F6CE0056ED51 /* UIColor+theme.swift in Sources */,
				045985E024E2F66A0056ED51 /* CustomViewController.swift in Sources */,
			);
			runOnlyForDeploymentPostprocessing = 0;
		};
/* End PBXSourcesBuildPhase section */

/* Begin PBXVariantGroup section */
		045985D524E2F4C70056ED51 /* LaunchScreen.storyboard */ = {
			isa = PBXVariantGroup;
			children = (
				045985D624E2F4C70056ED51 /* Base */,
			);
			name = LaunchScreen.storyboard;
			sourceTree = "<group>";
		};
/* End PBXVariantGroup section */

/* Begin XCBuildConfiguration section */
		045985D924E2F4C70056ED51 /* Debug */ = {
			isa = XCBuildConfiguration;
			buildSettings = {
				ALWAYS_SEARCH_USER_PATHS = NO;
				CLANG_ANALYZER_NONNULL = YES;
				CLANG_ANALYZER_NUMBER_OBJECT_CONVERSION = YES_AGGRESSIVE;
				CLANG_CXX_LANGUAGE_STANDARD = "gnu++14";
				CLANG_CXX_LIBRARY = "libc++";
				CLANG_ENABLE_MODULES = YES;
				CLANG_ENABLE_OBJC_ARC = YES;
				CLANG_ENABLE_OBJC_WEAK = YES;
				CLANG_WARN_BLOCK_CAPTURE_AUTORELEASING = YES;
				CLANG_WARN_BOOL_CONVERSION = YES;
				CLANG_WARN_COMMA = YES;
				CLANG_WARN_CONSTANT_CONVERSION = YES;
				CLANG_WARN_DEPRECATED_OBJC_IMPLEMENTATIONS = YES;
				CLANG_WARN_DIRECT_OBJC_ISA_USAGE = YES_ERROR;
				CLANG_WARN_DOCUMENTATION_COMMENTS = YES;
				CLANG_WARN_EMPTY_BODY = YES;
				CLANG_WARN_ENUM_CONVERSION = YES;
				CLANG_WARN_INFINITE_RECURSION = YES;
				CLANG_WARN_INT_CONVERSION = YES;
				CLANG_WARN_NON_LITERAL_NULL_CONVERSION = YES;
				CLANG_WARN_OBJC_IMPLICIT_RETAIN_SELF = YES;
				CLANG_WARN_OBJC_LITERAL_CONVERSION = YES;
				CLANG_WARN_OBJC_ROOT_CLASS = YES_ERROR;
				CLANG_WARN_QUOTED_INCLUDE_IN_FRAMEWORK_HEADER = YES;
				CLANG_WARN_RANGE_LOOP_ANALYSIS = YES;
				CLANG_WARN_STRICT_PROTOTYPES = YES;
				CLANG_WARN_SUSPICIOUS_MOVE = YES;
				CLANG_WARN_UNGUARDED_AVAILABILITY = YES_AGGRESSIVE;
				CLANG_WARN_UNREACHABLE_CODE = YES;
				CLANG_WARN__DUPLICATE_METHOD_MATCH = YES;
				COPY_PHASE_STRIP = NO;
				DEBUG_INFORMATION_FORMAT = dwarf;
				ENABLE_STRICT_OBJC_MSGSEND = YES;
				ENABLE_TESTABILITY = YES;
				GCC_C_LANGUAGE_STANDARD = gnu11;
				GCC_DYNAMIC_NO_PIC = NO;
				GCC_NO_COMMON_BLOCKS = YES;
				GCC_OPTIMIZATION_LEVEL = 0;
				GCC_PREPROCESSOR_DEFINITIONS = (
					"DEBUG=1",
					"$(inherited)",
				);
				GCC_WARN_64_TO_32_BIT_CONVERSION = YES;
				GCC_WARN_ABOUT_RETURN_TYPE = YES_ERROR;
				GCC_WARN_UNDECLARED_SELECTOR = YES;
				GCC_WARN_UNINITIALIZED_AUTOS = YES_AGGRESSIVE;
				GCC_WARN_UNUSED_FUNCTION = YES;
				GCC_WARN_UNUSED_VARIABLE = YES;
				IPHONEOS_DEPLOYMENT_TARGET = 14.0;
				MTL_ENABLE_DEBUG_INFO = INCLUDE_SOURCE;
				MTL_FAST_MATH = YES;
				ONLY_ACTIVE_ARCH = YES;
				SDKROOT = iphoneos;
				SWIFT_ACTIVE_COMPILATION_CONDITIONS = DEBUG;
				SWIFT_OPTIMIZATION_LEVEL = "-Onone";
			};
			name = Debug;
		};
		045985DA24E2F4C70056ED51 /* Release */ = {
			isa = XCBuildConfiguration;
			buildSettings = {
				ALWAYS_SEARCH_USER_PATHS = NO;
				CLANG_ANALYZER_NONNULL = YES;
				CLANG_ANALYZER_NUMBER_OBJECT_CONVERSION = YES_AGGRESSIVE;
				CLANG_CXX_LANGUAGE_STANDARD = "gnu++14";
				CLANG_CXX_LIBRARY = "libc++";
				CLANG_ENABLE_MODULES = YES;
				CLANG_ENABLE_OBJC_ARC = YES;
				CLANG_ENABLE_OBJC_WEAK = YES;
				CLANG_WARN_BLOCK_CAPTURE_AUTORELEASING = YES;
				CLANG_WARN_BOOL_CONVERSION = YES;
				CLANG_WARN_COMMA = YES;
				CLANG_WARN_CONSTANT_CONVERSION = YES;
				CLANG_WARN_DEPRECATED_OBJC_IMPLEMENTATIONS = YES;
				CLANG_WARN_DIRECT_OBJC_ISA_USAGE = YES_ERROR;
				CLANG_WARN_DOCUMENTATION_COMMENTS = YES;
				CLANG_WARN_EMPTY_BODY = YES;
				CLANG_WARN_ENUM_CONVERSION = YES;
				CLANG_WARN_INFINITE_RECURSION = YES;
				CLANG_WARN_INT_CONVERSION = YES;
				CLANG_WARN_NON_LITERAL_NULL_CONVERSION = YES;
				CLANG_WARN_OBJC_IMPLICIT_RETAIN_SELF = YES;
				CLANG_WARN_OBJC_LITERAL_CONVERSION = YES;
				CLANG_WARN_OBJC_ROOT_CLASS = YES_ERROR;
				CLANG_WARN_QUOTED_INCLUDE_IN_FRAMEWORK_HEADER = YES;
				CLANG_WARN_RANGE_LOOP_ANALYSIS = YES;
				CLANG_WARN_STRICT_PROTOTYPES = YES;
				CLANG_WARN_SUSPICIOUS_MOVE = YES;
				CLANG_WARN_UNGUARDED_AVAILABILITY = YES_AGGRESSIVE;
				CLANG_WARN_UNREACHABLE_CODE = YES;
				CLANG_WARN__DUPLICATE_METHOD_MATCH = YES;
				COPY_PHASE_STRIP = NO;
				DEBUG_INFORMATION_FORMAT = "dwarf-with-dsym";
				ENABLE_NS_ASSERTIONS = NO;
				ENABLE_STRICT_OBJC_MSGSEND = YES;
				GCC_C_LANGUAGE_STANDARD = gnu11;
				GCC_NO_COMMON_BLOCKS = YES;
				GCC_WARN_64_TO_32_BIT_CONVERSION = YES;
				GCC_WARN_ABOUT_RETURN_TYPE = YES_ERROR;
				GCC_WARN_UNDECLARED_SELECTOR = YES;
				GCC_WARN_UNINITIALIZED_AUTOS = YES_AGGRESSIVE;
				GCC_WARN_UNUSED_FUNCTION = YES;
				GCC_WARN_UNUSED_VARIABLE = YES;
				IPHONEOS_DEPLOYMENT_TARGET = 14.0;
				MTL_ENABLE_DEBUG_INFO = NO;
				MTL_FAST_MATH = YES;
				SDKROOT = iphoneos;
				SWIFT_COMPILATION_MODE = wholemodule;
				SWIFT_OPTIMIZATION_LEVEL = "-O";
				VALIDATE_PRODUCT = YES;
			};
			name = Release;
		};
		045985DC24E2F4C70056ED51 /* Debug */ = {
			isa = XCBuildConfiguration;
			buildSettings = {
				ASSETCATALOG_COMPILER_APPICON_NAME = AppIcon;
				ASSETCATALOG_COMPILER_GLOBAL_ACCENT_COLOR_NAME = AccentColor;
				CODE_SIGN_STYLE = Automatic;
				DEVELOPMENT_TEAM = WQ6NF47M42;
				INFOPLIST_FILE = Euphoric/Info.plist;
				IPHONEOS_DEPLOYMENT_TARGET = 13.0;
				LD_RUNPATH_SEARCH_PATHS = (
					"$(inherited)",
					"@executable_path/Frameworks",
				);
				PRODUCT_BUNDLE_IDENTIFIER = com.diegoisco.Euphoric;
				PRODUCT_NAME = "$(TARGET_NAME)";
				SWIFT_VERSION = 5.0;
				TARGETED_DEVICE_FAMILY = 1;
			};
			name = Debug;
		};
		045985DD24E2F4C70056ED51 /* Release */ = {
			isa = XCBuildConfiguration;
			buildSettings = {
				ASSETCATALOG_COMPILER_APPICON_NAME = AppIcon;
				ASSETCATALOG_COMPILER_GLOBAL_ACCENT_COLOR_NAME = AccentColor;
				CODE_SIGN_STYLE = Automatic;
				DEVELOPMENT_TEAM = WQ6NF47M42;
				INFOPLIST_FILE = Euphoric/Info.plist;
				IPHONEOS_DEPLOYMENT_TARGET = 13.0;
				LD_RUNPATH_SEARCH_PATHS = (
					"$(inherited)",
					"@executable_path/Frameworks",
				);
				PRODUCT_BUNDLE_IDENTIFIER = com.diegoisco.Euphoric;
				PRODUCT_NAME = "$(TARGET_NAME)";
				SWIFT_VERSION = 5.0;
				TARGETED_DEVICE_FAMILY = 1;
			};
			name = Release;
		};
/* End XCBuildConfiguration section */

/* Begin XCConfigurationList section */
		045985C224E2F4C30056ED51 /* Build configuration list for PBXProject "Euphoric" */ = {
			isa = XCConfigurationList;
			buildConfigurations = (
				045985D924E2F4C70056ED51 /* Debug */,
				045985DA24E2F4C70056ED51 /* Release */,
			);
			defaultConfigurationIsVisible = 0;
			defaultConfigurationName = Release;
		};
		045985DB24E2F4C70056ED51 /* Build configuration list for PBXNativeTarget "Euphoric" */ = {
			isa = XCConfigurationList;
			buildConfigurations = (
				045985DC24E2F4C70056ED51 /* Debug */,
				045985DD24E2F4C70056ED51 /* Release */,
			);
			defaultConfigurationIsVisible = 0;
			defaultConfigurationName = Release;
		};
/* End XCConfigurationList section */
	};
	rootObject = 045985BF24E2F4C30056ED51 /* Project object */;
}
