// !$*UTF8*$!
{
	archiveVersion = 1;
	classes = {
	};
	objectVersion = 51;
	objects = {

/* Begin PBXBuildFile section */
		041A262124E9CB6B00B2B55F /* bars.json in Resources */ = {isa = PBXBuildFile; fileRef = 041A262024E9CB6B00B2B55F /* bars.json */; };
		041A262324E9F64C00B2B55F /* EpisodesDetailsController.swift in Sources */ = {isa = PBXBuildFile; fileRef = 041A262224E9F64C00B2B55F /* EpisodesDetailsController.swift */; };
		041A262524EA17A000B2B55F /* String.swift in Sources */ = {isa = PBXBuildFile; fileRef = 041A262424EA17A000B2B55F /* String.swift */; };
		0426C43024E99ABB00DA84C7 /* UIImage.swift in Sources */ = {isa = PBXBuildFile; fileRef = 0426C42F24E99ABB00DA84C7 /* UIImage.swift */; };
		0439C4CF24E78FAB004DF89A /* PlayerDetailsController.swift in Sources */ = {isa = PBXBuildFile; fileRef = 0439C4CE24E78FAB004DF89A /* PlayerDetailsController.swift */; };
		0448C03D24EC26FB00190140 /* TopCategoriesCell.swift in Sources */ = {isa = PBXBuildFile; fileRef = 0448C03C24EC26FB00190140 /* TopCategoriesCell.swift */; };
		0448C03F24EC2CF200190140 /* TopPodcastCell.swift in Sources */ = {isa = PBXBuildFile; fileRef = 0448C03E24EC2CF200190140 /* TopPodcastCell.swift */; };
		0448C04124EC326C00190140 /* Category.swift in Sources */ = {isa = PBXBuildFile; fileRef = 0448C04024EC326C00190140 /* Category.swift */; };
		0448C04724EC587B00190140 /* LibraryController.swift in Sources */ = {isa = PBXBuildFile; fileRef = 0448C04624EC587B00190140 /* LibraryController.swift */; };
		0448C04924ECD68C00190140 /* DownloadsController.swift in Sources */ = {isa = PBXBuildFile; fileRef = 0448C04824ECD68C00190140 /* DownloadsController.swift */; };
		045985CB24E2F4C40056ED51 /* AppDelegate.swift in Sources */ = {isa = PBXBuildFile; fileRef = 045985CA24E2F4C40056ED51 /* AppDelegate.swift */; };
		045985CD24E2F4C40056ED51 /* SceneDelegate.swift in Sources */ = {isa = PBXBuildFile; fileRef = 045985CC24E2F4C40056ED51 /* SceneDelegate.swift */; };
		045985D424E2F4C70056ED51 /* Assets.xcassets in Resources */ = {isa = PBXBuildFile; fileRef = 045985D324E2F4C70056ED51 /* Assets.xcassets */; };
		045985D724E2F4C70056ED51 /* LaunchScreen.storyboard in Resources */ = {isa = PBXBuildFile; fileRef = 045985D524E2F4C70056ED51 /* LaunchScreen.storyboard */; };
		045985E024E2F66A0056ED51 /* CustomViewController.swift in Sources */ = {isa = PBXBuildFile; fileRef = 045985DF24E2F66A0056ED51 /* CustomViewController.swift */; };
		045985E224E2F6CE0056ED51 /* UIColor+theme.swift in Sources */ = {isa = PBXBuildFile; fileRef = 045985E124E2F6CE0056ED51 /* UIColor+theme.swift */; };
		045985E524E2F8730056ED51 /* SeachController.swift in Sources */ = {isa = PBXBuildFile; fileRef = 045985E424E2F8730056ED51 /* SeachController.swift */; };
		045985EA24E2F9B40056ED51 /* CustomTabBarController.swift in Sources */ = {isa = PBXBuildFile; fileRef = 045985E924E2F9B40056ED51 /* CustomTabBarController.swift */; };
		045985ED24E301940056ED51 /* SearchCell.swift in Sources */ = {isa = PBXBuildFile; fileRef = 045985EC24E301940056ED51 /* SearchCell.swift */; };
		045985F024E302060056ED51 /* RoundedImageView.swift in Sources */ = {isa = PBXBuildFile; fileRef = 045985EF24E302060056ED51 /* RoundedImageView.swift */; };
		045985F524E305C40056ED51 /* UIHelper.swift in Sources */ = {isa = PBXBuildFile; fileRef = 045985F424E305C40056ED51 /* UIHelper.swift */; };
		045985F824E357130056ED51 /* Badge.swift in Sources */ = {isa = PBXBuildFile; fileRef = 045985F724E357130056ED51 /* Badge.swift */; };
		045985FB24E3881B0056ED51 /* TitleLabel.swift in Sources */ = {isa = PBXBuildFile; fileRef = 045985FA24E3881B0056ED51 /* TitleLabel.swift */; };
		0479156924EB3A0700089884 /* SettingsController.swift in Sources */ = {isa = PBXBuildFile; fileRef = 0479156824EB3A0700089884 /* SettingsController.swift */; };
		0479156D24EB3A3500089884 /* SettingsCell.swift in Sources */ = {isa = PBXBuildFile; fileRef = 0479156C24EB3A3500089884 /* SettingsCell.swift */; };
		0479156F24EB3A5B00089884 /* SettingsSection.swift in Sources */ = {isa = PBXBuildFile; fileRef = 0479156E24EB3A5B00089884 /* SettingsSection.swift */; };
		0479157324EC014B00089884 /* DiscoverControllerComp.swift in Sources */ = {isa = PBXBuildFile; fileRef = 0479157224EC014B00089884 /* DiscoverControllerComp.swift */; };
		04B7D99E24E4407C00B7584C /* NetworkManager.swift in Sources */ = {isa = PBXBuildFile; fileRef = 04B7D99D24E4407C00B7584C /* NetworkManager.swift */; };
		04B7D9A124E441A000B7584C /* Podcast.swift in Sources */ = {isa = PBXBuildFile; fileRef = 04B7D9A024E441A000B7584C /* Podcast.swift */; };
		04B7D9A724E4BD9E00B7584C /* PodcastController.swift in Sources */ = {isa = PBXBuildFile; fileRef = 04B7D9A624E4BD9E00B7584C /* PodcastController.swift */; };
		04B7D9A924E4DBBA00B7584C /* PodcastHeaderCell.swift in Sources */ = {isa = PBXBuildFile; fileRef = 04B7D9A824E4DBBA00B7584C /* PodcastHeaderCell.swift */; };
		04B7D9AB24E4F08400B7584C /* UIView+Layout.swift in Sources */ = {isa = PBXBuildFile; fileRef = 04B7D9AA24E4F08300B7584C /* UIView+Layout.swift */; };
		04B7D9AD24E5229D00B7584C /* Episode.swift in Sources */ = {isa = PBXBuildFile; fileRef = 04B7D9AC24E5229D00B7584C /* Episode.swift */; };
		04E8720C24E38A5C006E6299 /* SubtitleLabel.swift in Sources */ = {isa = PBXBuildFile; fileRef = 04E8720B24E38A5C006E6299 /* SubtitleLabel.swift */; };
		04E8720F24E399F6006E6299 /* Constants.swift in Sources */ = {isa = PBXBuildFile; fileRef = 04E8720E24E399F6006E6299 /* Constants.swift */; };
		04E8721124E3A514006E6299 /* CustomSearchBar.swift in Sources */ = {isa = PBXBuildFile; fileRef = 04E8721024E3A514006E6299 /* CustomSearchBar.swift */; };
		04E8721324E3A71B006E6299 /* UIDevice.swift in Sources */ = {isa = PBXBuildFile; fileRef = 04E8721224E3A71B006E6299 /* UIDevice.swift */; };
		04EBE45F24E59C5F00312AB2 /* EpisodeCell.swift in Sources */ = {isa = PBXBuildFile; fileRef = 04EBE45E24E59C5F00312AB2 /* EpisodeCell.swift */; };
		04EF178824EADF6B00114462 /* HomeController.swift in Sources */ = {isa = PBXBuildFile; fileRef = 04EF178724EADF6B00114462 /* HomeController.swift */; };
		04EF178B24EAE08300114462 /* MenuController.swift in Sources */ = {isa = PBXBuildFile; fileRef = 04EF178A24EAE08300114462 /* MenuController.swift */; };
		04EF178D24EAE08B00114462 /* MenuCell.swift in Sources */ = {isa = PBXBuildFile; fileRef = 04EF178C24EAE08B00114462 /* MenuCell.swift */; };
		04FC529724E8EECD0036C9FA /* CMTime.swift in Sources */ = {isa = PBXBuildFile; fileRef = 04FC529624E8EECD0036C9FA /* CMTime.swift */; };
		6672EBC8F4775A69E1A083E5 /* Pods_Euphoric.framework in Frameworks */ = {isa = PBXBuildFile; fileRef = 0100FCE3062D132DD8B1C8FB /* Pods_Euphoric.framework */; };
/* End PBXBuildFile section */

/* Begin PBXFileReference section */
		0100FCE3062D132DD8B1C8FB /* Pods_Euphoric.framework */ = {isa = PBXFileReference; explicitFileType = wrapper.framework; includeInIndex = 0; path = Pods_Euphoric.framework; sourceTree = BUILT_PRODUCTS_DIR; };
		041A262024E9CB6B00B2B55F /* bars.json */ = {isa = PBXFileReference; fileEncoding = 4; lastKnownFileType = text.json; path = bars.json; sourceTree = "<group>"; };
		041A262224E9F64C00B2B55F /* EpisodesDetailsController.swift */ = {isa = PBXFileReference; lastKnownFileType = sourcecode.swift; path = EpisodesDetailsController.swift; sourceTree = "<group>"; };
		041A262424EA17A000B2B55F /* String.swift */ = {isa = PBXFileReference; lastKnownFileType = sourcecode.swift; path = String.swift; sourceTree = "<group>"; };
		0426C42F24E99ABB00DA84C7 /* UIImage.swift */ = {isa = PBXFileReference; lastKnownFileType = sourcecode.swift; path = UIImage.swift; sourceTree = "<group>"; };
		0439C4CE24E78FAB004DF89A /* PlayerDetailsController.swift */ = {isa = PBXFileReference; lastKnownFileType = sourcecode.swift; path = PlayerDetailsController.swift; sourceTree = "<group>"; };
		0448C03C24EC26FB00190140 /* TopCategoriesCell.swift */ = {isa = PBXFileReference; lastKnownFileType = sourcecode.swift; path = TopCategoriesCell.swift; sourceTree = "<group>"; };
		0448C03E24EC2CF200190140 /* TopPodcastCell.swift */ = {isa = PBXFileReference; lastKnownFileType = sourcecode.swift; path = TopPodcastCell.swift; sourceTree = "<group>"; };
		0448C04024EC326C00190140 /* Category.swift */ = {isa = PBXFileReference; lastKnownFileType = sourcecode.swift; path = Category.swift; sourceTree = "<group>"; };
		0448C04624EC587B00190140 /* LibraryController.swift */ = {isa = PBXFileReference; lastKnownFileType = sourcecode.swift; path = LibraryController.swift; sourceTree = "<group>"; };
		0448C04824ECD68C00190140 /* DownloadsController.swift */ = {isa = PBXFileReference; lastKnownFileType = sourcecode.swift; path = DownloadsController.swift; sourceTree = "<group>"; };
		045985C724E2F4C40056ED51 /* Euphoric.app */ = {isa = PBXFileReference; explicitFileType = wrapper.application; includeInIndex = 0; path = Euphoric.app; sourceTree = BUILT_PRODUCTS_DIR; };
		045985CA24E2F4C40056ED51 /* AppDelegate.swift */ = {isa = PBXFileReference; lastKnownFileType = sourcecode.swift; path = AppDelegate.swift; sourceTree = "<group>"; };
		045985CC24E2F4C40056ED51 /* SceneDelegate.swift */ = {isa = PBXFileReference; lastKnownFileType = sourcecode.swift; path = SceneDelegate.swift; sourceTree = "<group>"; };
		045985D324E2F4C70056ED51 /* Assets.xcassets */ = {isa = PBXFileReference; lastKnownFileType = folder.assetcatalog; path = Assets.xcassets; sourceTree = "<group>"; };
		045985D624E2F4C70056ED51 /* Base */ = {isa = PBXFileReference; lastKnownFileType = file.storyboard; name = Base; path = Base.lproj/LaunchScreen.storyboard; sourceTree = "<group>"; };
		045985D824E2F4C70056ED51 /* Info.plist */ = {isa = PBXFileReference; lastKnownFileType = text.plist.xml; path = Info.plist; sourceTree = "<group>"; };
		045985DF24E2F66A0056ED51 /* CustomViewController.swift */ = {isa = PBXFileReference; lastKnownFileType = sourcecode.swift; path = CustomViewController.swift; sourceTree = "<group>"; };
		045985E124E2F6CE0056ED51 /* UIColor+theme.swift */ = {isa = PBXFileReference; lastKnownFileType = sourcecode.swift; path = "UIColor+theme.swift"; sourceTree = "<group>"; };
		045985E424E2F8730056ED51 /* SeachController.swift */ = {isa = PBXFileReference; lastKnownFileType = sourcecode.swift; path = SeachController.swift; sourceTree = "<group>"; };
		045985E924E2F9B40056ED51 /* CustomTabBarController.swift */ = {isa = PBXFileReference; lastKnownFileType = sourcecode.swift; path = CustomTabBarController.swift; sourceTree = "<group>"; };
		045985EC24E301940056ED51 /* SearchCell.swift */ = {isa = PBXFileReference; lastKnownFileType = sourcecode.swift; path = SearchCell.swift; sourceTree = "<group>"; };
		045985EF24E302060056ED51 /* RoundedImageView.swift */ = {isa = PBXFileReference; lastKnownFileType = sourcecode.swift; path = RoundedImageView.swift; sourceTree = "<group>"; };
		045985F424E305C40056ED51 /* UIHelper.swift */ = {isa = PBXFileReference; lastKnownFileType = sourcecode.swift; path = UIHelper.swift; sourceTree = "<group>"; };
		045985F724E357130056ED51 /* Badge.swift */ = {isa = PBXFileReference; lastKnownFileType = sourcecode.swift; path = Badge.swift; sourceTree = "<group>"; };
		045985FA24E3881B0056ED51 /* TitleLabel.swift */ = {isa = PBXFileReference; lastKnownFileType = sourcecode.swift; path = TitleLabel.swift; sourceTree = "<group>"; };
		0479156824EB3A0700089884 /* SettingsController.swift */ = {isa = PBXFileReference; lastKnownFileType = sourcecode.swift; path = SettingsController.swift; sourceTree = "<group>"; };
		0479156C24EB3A3500089884 /* SettingsCell.swift */ = {isa = PBXFileReference; lastKnownFileType = sourcecode.swift; path = SettingsCell.swift; sourceTree = "<group>"; };
		0479156E24EB3A5B00089884 /* SettingsSection.swift */ = {isa = PBXFileReference; lastKnownFileType = sourcecode.swift; path = SettingsSection.swift; sourceTree = "<group>"; };
		0479157224EC014B00089884 /* DiscoverControllerComp.swift */ = {isa = PBXFileReference; lastKnownFileType = sourcecode.swift; path = DiscoverControllerComp.swift; sourceTree = "<group>"; };
		04B7D99D24E4407C00B7584C /* NetworkManager.swift */ = {isa = PBXFileReference; lastKnownFileType = sourcecode.swift; path = NetworkManager.swift; sourceTree = "<group>"; };
		04B7D9A024E441A000B7584C /* Podcast.swift */ = {isa = PBXFileReference; lastKnownFileType = sourcecode.swift; path = Podcast.swift; sourceTree = "<group>"; };
		04B7D9A624E4BD9E00B7584C /* PodcastController.swift */ = {isa = PBXFileReference; lastKnownFileType = sourcecode.swift; path = PodcastController.swift; sourceTree = "<group>"; };
		04B7D9A824E4DBBA00B7584C /* PodcastHeaderCell.swift */ = {isa = PBXFileReference; lastKnownFileType = sourcecode.swift; path = PodcastHeaderCell.swift; sourceTree = "<group>"; };
		04B7D9AA24E4F08300B7584C /* UIView+Layout.swift */ = {isa = PBXFileReference; lastKnownFileType = sourcecode.swift; path = "UIView+Layout.swift"; sourceTree = "<group>"; };
		04B7D9AC24E5229D00B7584C /* Episode.swift */ = {isa = PBXFileReference; lastKnownFileType = sourcecode.swift; path = Episode.swift; sourceTree = "<group>"; };
		04E8720B24E38A5C006E6299 /* SubtitleLabel.swift */ = {isa = PBXFileReference; lastKnownFileType = sourcecode.swift; path = SubtitleLabel.swift; sourceTree = "<group>"; };
		04E8720E24E399F6006E6299 /* Constants.swift */ = {isa = PBXFileReference; lastKnownFileType = sourcecode.swift; path = Constants.swift; sourceTree = "<group>"; };
		04E8721024E3A514006E6299 /* CustomSearchBar.swift */ = {isa = PBXFileReference; lastKnownFileType = sourcecode.swift; path = CustomSearchBar.swift; sourceTree = "<group>"; };
		04E8721224E3A71B006E6299 /* UIDevice.swift */ = {isa = PBXFileReference; lastKnownFileType = sourcecode.swift; path = UIDevice.swift; sourceTree = "<group>"; };
		04EBE45E24E59C5F00312AB2 /* EpisodeCell.swift */ = {isa = PBXFileReference; lastKnownFileType = sourcecode.swift; path = EpisodeCell.swift; sourceTree = "<group>"; };
		04EF178724EADF6B00114462 /* HomeController.swift */ = {isa = PBXFileReference; lastKnownFileType = sourcecode.swift; path = HomeController.swift; sourceTree = "<group>"; };
		04EF178A24EAE08300114462 /* MenuController.swift */ = {isa = PBXFileReference; lastKnownFileType = sourcecode.swift; path = MenuController.swift; sourceTree = "<group>"; };
		04EF178C24EAE08B00114462 /* MenuCell.swift */ = {isa = PBXFileReference; lastKnownFileType = sourcecode.swift; path = MenuCell.swift; sourceTree = "<group>"; };
		04FC529624E8EECD0036C9FA /* CMTime.swift */ = {isa = PBXFileReference; lastKnownFileType = sourcecode.swift; path = CMTime.swift; sourceTree = "<group>"; };
		1CA34E8E869CF118EC811A0F /* Pods-Euphoric.release.xcconfig */ = {isa = PBXFileReference; includeInIndex = 1; lastKnownFileType = text.xcconfig; name = "Pods-Euphoric.release.xcconfig"; path = "Target Support Files/Pods-Euphoric/Pods-Euphoric.release.xcconfig"; sourceTree = "<group>"; };
		94807B71366032E143A4CC62 /* Pods-Euphoric.debug.xcconfig */ = {isa = PBXFileReference; includeInIndex = 1; lastKnownFileType = text.xcconfig; name = "Pods-Euphoric.debug.xcconfig"; path = "Target Support Files/Pods-Euphoric/Pods-Euphoric.debug.xcconfig"; sourceTree = "<group>"; };
/* End PBXFileReference section */

/* Begin PBXFrameworksBuildPhase section */
		045985C424E2F4C40056ED51 /* Frameworks */ = {
			isa = PBXFrameworksBuildPhase;
			buildActionMask = 2147483647;
			files = (
				6672EBC8F4775A69E1A083E5 /* Pods_Euphoric.framework in Frameworks */,
			);
			runOnlyForDeploymentPostprocessing = 0;
		};
/* End PBXFrameworksBuildPhase section */

/* Begin PBXGroup section */
		0448C03B24EC26E400190140 /* Discover */ = {
			isa = PBXGroup;
			children = (
				0448C03C24EC26FB00190140 /* TopCategoriesCell.swift */,
				0448C03E24EC2CF200190140 /* TopPodcastCell.swift */,
			);
			path = Discover;
			sourceTree = "<group>";
		};
		0448C04224EC57C600190140 /* Podcast */ = {
			isa = PBXGroup;
			children = (
				04B7D9A624E4BD9E00B7584C /* PodcastController.swift */,
			);
			path = Podcast;
			sourceTree = "<group>";
		};
		0448C04324EC57E400190140 /* Player */ = {
			isa = PBXGroup;
			children = (
				041A262224E9F64C00B2B55F /* EpisodesDetailsController.swift */,
				0439C4CE24E78FAB004DF89A /* PlayerDetailsController.swift */,
			);
			path = Player;
			sourceTree = "<group>";
		};
		045985BE24E2F4C30056ED51 = {
			isa = PBXGroup;
			children = (
				045985C924E2F4C40056ED51 /* Euphoric */,
				045985C824E2F4C40056ED51 /* Products */,
				3681E71116A68B101EBF32A8 /* Pods */,
				CAE6AE106036B46930499E64 /* Frameworks */,
			);
			sourceTree = "<group>";
		};
		045985C824E2F4C40056ED51 /* Products */ = {
			isa = PBXGroup;
			children = (
				045985C724E2F4C40056ED51 /* Euphoric.app */,
			);
			name = Products;
			sourceTree = "<group>";
		};
		045985C924E2F4C40056ED51 /* Euphoric */ = {
			isa = PBXGroup;
			children = (
				041A262024E9CB6B00B2B55F /* bars.json */,
				04B7D99F24E4419600B7584C /* Models */,
				04B7D99C24E4406F00B7584C /* Managers */,
				045985F124E305730056ED51 /* Utilities */,
				045985E624E2F9170056ED51 /* CustomViews */,
				045985DE24E2F6440056ED51 /* Extension */,
				045985E324E2F7E10056ED51 /* Controllers */,
				045985CA24E2F4C40056ED51 /* AppDelegate.swift */,
				045985CC24E2F4C40056ED51 /* SceneDelegate.swift */,
				045985D324E2F4C70056ED51 /* Assets.xcassets */,
				045985D524E2F4C70056ED51 /* LaunchScreen.storyboard */,
				045985D824E2F4C70056ED51 /* Info.plist */,
			);
			path = Euphoric;
			sourceTree = "<group>";
		};
		045985DE24E2F6440056ED51 /* Extension */ = {
			isa = PBXGroup;
			children = (
				045985E124E2F6CE0056ED51 /* UIColor+theme.swift */,
				04E8721224E3A71B006E6299 /* UIDevice.swift */,
				04B7D9AA24E4F08300B7584C /* UIView+Layout.swift */,
				04FC529624E8EECD0036C9FA /* CMTime.swift */,
				0426C42F24E99ABB00DA84C7 /* UIImage.swift */,
				041A262424EA17A000B2B55F /* String.swift */,
			);
			path = Extension;
			sourceTree = "<group>";
		};
		045985E324E2F7E10056ED51 /* Controllers */ = {
			isa = PBXGroup;
			children = (
				0448C04324EC57E400190140 /* Player */,
				0448C04224EC57C600190140 /* Podcast */,
				0479156724EB39DC00089884 /* Settings */,
				04EF178E24EAE42900114462 /* Home */,
				04EF178924EAE07400114462 /* Menu */,
				045985E424E2F8730056ED51 /* SeachController.swift */,
				04EF178724EADF6B00114462 /* HomeController.swift */,
			);
			path = Controllers;
			sourceTree = "<group>";
		};
		045985E624E2F9170056ED51 /* CustomViews */ = {
			isa = PBXGroup;
			children = (
				045985F924E387EC0056ED51 /* Labels */,
				045985F624E356D80056ED51 /* Views */,
				045985EE24E301F00056ED51 /* ImageViews */,
				045985EB24E301830056ED51 /* Cells */,
				045985E824E2F9830056ED51 /* TabBarControllers */,
				045985E724E2F9680056ED51 /* ViewControllers */,
			);
			path = CustomViews;
			sourceTree = "<group>";
		};
		045985E724E2F9680056ED51 /* ViewControllers */ = {
			isa = PBXGroup;
			children = (
				045985DF24E2F66A0056ED51 /* CustomViewController.swift */,
			);
			path = ViewControllers;
			sourceTree = "<group>";
		};
		045985E824E2F9830056ED51 /* TabBarControllers */ = {
			isa = PBXGroup;
			children = (
				045985E924E2F9B40056ED51 /* CustomTabBarController.swift */,
			);
			path = TabBarControllers;
			sourceTree = "<group>";
		};
		045985EB24E301830056ED51 /* Cells */ = {
			isa = PBXGroup;
			children = (
				0448C03B24EC26E400190140 /* Discover */,
				045985EC24E301940056ED51 /* SearchCell.swift */,
				04B7D9A824E4DBBA00B7584C /* PodcastHeaderCell.swift */,
				04EBE45E24E59C5F00312AB2 /* EpisodeCell.swift */,
				0479156C24EB3A3500089884 /* SettingsCell.swift */,
			);
			path = Cells;
			sourceTree = "<group>";
		};
		045985EE24E301F00056ED51 /* ImageViews */ = {
			isa = PBXGroup;
			children = (
				045985EF24E302060056ED51 /* RoundedImageView.swift */,
			);
			path = ImageViews;
			sourceTree = "<group>";
		};
		045985F124E305730056ED51 /* Utilities */ = {
			isa = PBXGroup;
			children = (
				045985F424E305C40056ED51 /* UIHelper.swift */,
				04E8720E24E399F6006E6299 /* Constants.swift */,
			);
			path = Utilities;
			sourceTree = "<group>";
		};
		045985F624E356D80056ED51 /* Views */ = {
			isa = PBXGroup;
			children = (
				045985F724E357130056ED51 /* Badge.swift */,
				04E8721024E3A514006E6299 /* CustomSearchBar.swift */,
			);
			path = Views;
			sourceTree = "<group>";
		};
		045985F924E387EC0056ED51 /* Labels */ = {
			isa = PBXGroup;
			children = (
				045985FA24E3881B0056ED51 /* TitleLabel.swift */,
				04E8720B24E38A5C006E6299 /* SubtitleLabel.swift */,
			);
			path = Labels;
			sourceTree = "<group>";
		};
		0479156724EB39DC00089884 /* Settings */ = {
			isa = PBXGroup;
			children = (
				0479156824EB3A0700089884 /* SettingsController.swift */,
			);
			path = Settings;
			sourceTree = "<group>";
		};
		04B7D99C24E4406F00B7584C /* Managers */ = {
			isa = PBXGroup;
			children = (
				04B7D99D24E4407C00B7584C /* NetworkManager.swift */,
			);
			path = Managers;
			sourceTree = "<group>";
		};
		04B7D99F24E4419600B7584C /* Models */ = {
			isa = PBXGroup;
			children = (
				04B7D9A024E441A000B7584C /* Podcast.swift */,
				04B7D9AC24E5229D00B7584C /* Episode.swift */,
				0479156E24EB3A5B00089884 /* SettingsSection.swift */,
				0448C04024EC326C00190140 /* Category.swift */,
			);
			path = Models;
			sourceTree = "<group>";
		};
		04EF178924EAE07400114462 /* Menu */ = {
			isa = PBXGroup;
			children = (
				04EF178A24EAE08300114462 /* MenuController.swift */,
				04EF178C24EAE08B00114462 /* MenuCell.swift */,
			);
			path = Menu;
			sourceTree = "<group>";
		};
		04EF178E24EAE42900114462 /* Home */ = {
			isa = PBXGroup;
			children = (
				0479157224EC014B00089884 /* DiscoverControllerComp.swift */,
				0448C04624EC587B00190140 /* LibraryController.swift */,
				0448C04824ECD68C00190140 /* DownloadsController.swift */,
			);
			path = Home;
			sourceTree = "<group>";
		};
		3681E71116A68B101EBF32A8 /* Pods */ = {
			isa = PBXGroup;
			children = (
				94807B71366032E143A4CC62 /* Pods-Euphoric.debug.xcconfig */,
				1CA34E8E869CF118EC811A0F /* Pods-Euphoric.release.xcconfig */,
			);
			path = Pods;
			sourceTree = "<group>";
		};
		CAE6AE106036B46930499E64 /* Frameworks */ = {
			isa = PBXGroup;
			children = (
				0100FCE3062D132DD8B1C8FB /* Pods_Euphoric.framework */,
			);
			name = Frameworks;
			sourceTree = "<group>";
		};
/* End PBXGroup section */

/* Begin PBXNativeTarget section */
		045985C624E2F4C40056ED51 /* Euphoric */ = {
			isa = PBXNativeTarget;
			buildConfigurationList = 045985DB24E2F4C70056ED51 /* Build configuration list for PBXNativeTarget "Euphoric" */;
			buildPhases = (
				1353211AEB506BBF571030A4 /* [CP] Check Pods Manifest.lock */,
				045985C324E2F4C40056ED51 /* Sources */,
				045985C424E2F4C40056ED51 /* Frameworks */,
				045985C524E2F4C40056ED51 /* Resources */,
				BABD2E89AB88E98828FEFC61 /* [CP] Embed Pods Frameworks */,
			);
			buildRules = (
			);
			dependencies = (
			);
			name = Euphoric;
			productName = Euphoric;
			productReference = 045985C724E2F4C40056ED51 /* Euphoric.app */;
			productType = "com.apple.product-type.application";
		};
/* End PBXNativeTarget section */

/* Begin PBXProject section */
		045985BF24E2F4C30056ED51 /* Project object */ = {
			isa = PBXProject;
			attributes = {
				LastSwiftUpdateCheck = 1200;
				LastUpgradeCheck = 1200;
				TargetAttributes = {
					045985C624E2F4C40056ED51 = {
						CreatedOnToolsVersion = 12.0;
					};
				};
			};
			buildConfigurationList = 045985C224E2F4C30056ED51 /* Build configuration list for PBXProject "Euphoric" */;
			compatibilityVersion = "Xcode 9.3";
			developmentRegion = en;
			hasScannedForEncodings = 0;
			knownRegions = (
				en,
				Base,
			);
			mainGroup = 045985BE24E2F4C30056ED51;
			productRefGroup = 045985C824E2F4C40056ED51 /* Products */;
			projectDirPath = "";
			projectRoot = "";
			targets = (
				045985C624E2F4C40056ED51 /* Euphoric */,
			);
		};
/* End PBXProject section */

/* Begin PBXResourcesBuildPhase section */
		045985C524E2F4C40056ED51 /* Resources */ = {
			isa = PBXResourcesBuildPhase;
			buildActionMask = 2147483647;
			files = (
				041A262124E9CB6B00B2B55F /* bars.json in Resources */,
				045985D724E2F4C70056ED51 /* LaunchScreen.storyboard in Resources */,
				045985D424E2F4C70056ED51 /* Assets.xcassets in Resources */,
			);
			runOnlyForDeploymentPostprocessing = 0;
		};
/* End PBXResourcesBuildPhase section */

/* Begin PBXShellScriptBuildPhase section */
		1353211AEB506BBF571030A4 /* [CP] Check Pods Manifest.lock */ = {
			isa = PBXShellScriptBuildPhase;
			buildActionMask = 2147483647;
			files = (
			);
			inputFileListPaths = (
			);
			inputPaths = (
				"${PODS_PODFILE_DIR_PATH}/Podfile.lock",
				"${PODS_ROOT}/Manifest.lock",
			);
			name = "[CP] Check Pods Manifest.lock";
			outputFileListPaths = (
			);
			outputPaths = (
				"$(DERIVED_FILE_DIR)/Pods-Euphoric-checkManifestLockResult.txt",
			);
			runOnlyForDeploymentPostprocessing = 0;
			shellPath = /bin/sh;
			shellScript = "diff \"${PODS_PODFILE_DIR_PATH}/Podfile.lock\" \"${PODS_ROOT}/Manifest.lock\" > /dev/null\nif [ $? != 0 ] ; then\n    # print error to STDERR\n    echo \"error: The sandbox is not in sync with the Podfile.lock. Run 'pod install' or update your CocoaPods installation.\" >&2\n    exit 1\nfi\n# This output is used by Xcode 'outputs' to avoid re-running this script phase.\necho \"SUCCESS\" > \"${SCRIPT_OUTPUT_FILE_0}\"\n";
			showEnvVarsInLog = 0;
		};
		BABD2E89AB88E98828FEFC61 /* [CP] Embed Pods Frameworks */ = {
			isa = PBXShellScriptBuildPhase;
			buildActionMask = 2147483647;
			files = (
			);
			inputFileListPaths = (
				"${PODS_ROOT}/Target Support Files/Pods-Euphoric/Pods-Euphoric-frameworks-${CONFIGURATION}-input-files.xcfilelist",
			);
			name = "[CP] Embed Pods Frameworks";
			outputFileListPaths = (
				"${PODS_ROOT}/Target Support Files/Pods-Euphoric/Pods-Euphoric-frameworks-${CONFIGURATION}-output-files.xcfilelist",
			);
			runOnlyForDeploymentPostprocessing = 0;
			shellPath = /bin/sh;
			shellScript = "\"${PODS_ROOT}/Target Support Files/Pods-Euphoric/Pods-Euphoric-frameworks.sh\"\n";
			showEnvVarsInLog = 0;
		};
/* End PBXShellScriptBuildPhase section */

/* Begin PBXSourcesBuildPhase section */
		045985C324E2F4C40056ED51 /* Sources */ = {
			isa = PBXSourcesBuildPhase;
			buildActionMask = 2147483647;
			files = (
				04E8721124E3A514006E6299 /* CustomSearchBar.swift in Sources */,
				0426C43024E99ABB00DA84C7 /* UIImage.swift in Sources */,
				04B7D9A124E441A000B7584C /* Podcast.swift in Sources */,
				041A262524EA17A000B2B55F /* String.swift in Sources */,
				0448C03F24EC2CF200190140 /* TopPodcastCell.swift in Sources */,
				045985F024E302060056ED51 /* RoundedImageView.swift in Sources */,
				04EF178B24EAE08300114462 /* MenuController.swift in Sources */,
				04EBE45F24E59C5F00312AB2 /* EpisodeCell.swift in Sources */,
				0448C04124EC326C00190140 /* Category.swift in Sources */,
				0479157324EC014B00089884 /* DiscoverControllerComp.swift in Sources */,
				0479156F24EB3A5B00089884 /* SettingsSection.swift in Sources */,
				0479156924EB3A0700089884 /* SettingsController.swift in Sources */,
				045985E524E2F8730056ED51 /* SeachController.swift in Sources */,
				04B7D9AB24E4F08400B7584C /* UIView+Layout.swift in Sources */,
				045985CB24E2F4C40056ED51 /* AppDelegate.swift in Sources */,
				0448C04724EC587B00190140 /* LibraryController.swift in Sources */,
				04B7D99E24E4407C00B7584C /* NetworkManager.swift in Sources */,
				045985FB24E3881B0056ED51 /* TitleLabel.swift in Sources */,
				0448C04924ECD68C00190140 /* DownloadsController.swift in Sources */,
				045985EA24E2F9B40056ED51 /* CustomTabBarController.swift in Sources */,
				045985ED24E301940056ED51 /* SearchCell.swift in Sources */,
				045985F524E305C40056ED51 /* UIHelper.swift in Sources */,
				04E8720F24E399F6006E6299 /* Constants.swift in Sources */,
				045985CD24E2F4C40056ED51 /* SceneDelegate.swift in Sources */,
				04EF178824EADF6B00114462 /* HomeController.swift in Sources */,
				04E8721324E3A71B006E6299 /* UIDevice.swift in Sources */,
				0439C4CF24E78FAB004DF89A /* PlayerDetailsController.swift in Sources */,
				045985F824E357130056ED51 /* Badge.swift in Sources */,
				04B7D9A924E4DBBA00B7584C /* PodcastHeaderCell.swift in Sources */,
				04B7D9AD24E5229D00B7584C /* Episode.swift in Sources */,
				041A262324E9F64C00B2B55F /* EpisodesDetailsController.swift in Sources */,
				045985E224E2F6CE0056ED51 /* UIColor+theme.swift in Sources */,
				04B7D9A724E4BD9E00B7584C /* PodcastController.swift in Sources */,
				04EF178D24EAE08B00114462 /* MenuCell.swift in Sources */,
				0448C03D24EC26FB00190140 /* TopCategoriesCell.swift in Sources */,
				04E8720C24E38A5C006E6299 /* SubtitleLabel.swift in Sources */,
				04FC529724E8EECD0036C9FA /* CMTime.swift in Sources */,
				045985E024E2F66A0056ED51 /* CustomViewController.swift in Sources */,
				0479156D24EB3A3500089884 /* SettingsCell.swift in Sources */,
			);
			runOnlyForDeploymentPostprocessing = 0;
		};
/* End PBXSourcesBuildPhase section */

/* Begin PBXVariantGroup section */
		045985D524E2F4C70056ED51 /* LaunchScreen.storyboard */ = {
			isa = PBXVariantGroup;
			children = (
				045985D624E2F4C70056ED51 /* Base */,
			);
			name = LaunchScreen.storyboard;
			sourceTree = "<group>";
		};
/* End PBXVariantGroup section */

/* Begin XCBuildConfiguration section */
		045985D924E2F4C70056ED51 /* Debug */ = {
			isa = XCBuildConfiguration;
			buildSettings = {
				ALWAYS_SEARCH_USER_PATHS = NO;
				CLANG_ANALYZER_NONNULL = YES;
				CLANG_ANALYZER_NUMBER_OBJECT_CONVERSION = YES_AGGRESSIVE;
				CLANG_CXX_LANGUAGE_STANDARD = "gnu++14";
				CLANG_CXX_LIBRARY = "libc++";
				CLANG_ENABLE_MODULES = YES;
				CLANG_ENABLE_OBJC_ARC = YES;
				CLANG_ENABLE_OBJC_WEAK = YES;
				CLANG_WARN_BLOCK_CAPTURE_AUTORELEASING = YES;
				CLANG_WARN_BOOL_CONVERSION = YES;
				CLANG_WARN_COMMA = YES;
				CLANG_WARN_CONSTANT_CONVERSION = YES;
				CLANG_WARN_DEPRECATED_OBJC_IMPLEMENTATIONS = YES;
				CLANG_WARN_DIRECT_OBJC_ISA_USAGE = YES_ERROR;
				CLANG_WARN_DOCUMENTATION_COMMENTS = YES;
				CLANG_WARN_EMPTY_BODY = YES;
				CLANG_WARN_ENUM_CONVERSION = YES;
				CLANG_WARN_INFINITE_RECURSION = YES;
				CLANG_WARN_INT_CONVERSION = YES;
				CLANG_WARN_NON_LITERAL_NULL_CONVERSION = YES;
				CLANG_WARN_OBJC_IMPLICIT_RETAIN_SELF = YES;
				CLANG_WARN_OBJC_LITERAL_CONVERSION = YES;
				CLANG_WARN_OBJC_ROOT_CLASS = YES_ERROR;
				CLANG_WARN_QUOTED_INCLUDE_IN_FRAMEWORK_HEADER = YES;
				CLANG_WARN_RANGE_LOOP_ANALYSIS = YES;
				CLANG_WARN_STRICT_PROTOTYPES = YES;
				CLANG_WARN_SUSPICIOUS_MOVE = YES;
				CLANG_WARN_UNGUARDED_AVAILABILITY = YES_AGGRESSIVE;
				CLANG_WARN_UNREACHABLE_CODE = YES;
				CLANG_WARN__DUPLICATE_METHOD_MATCH = YES;
				COPY_PHASE_STRIP = NO;
				DEBUG_INFORMATION_FORMAT = dwarf;
				ENABLE_STRICT_OBJC_MSGSEND = YES;
				ENABLE_TESTABILITY = YES;
				GCC_C_LANGUAGE_STANDARD = gnu11;
				GCC_DYNAMIC_NO_PIC = NO;
				GCC_NO_COMMON_BLOCKS = YES;
				GCC_OPTIMIZATION_LEVEL = 0;
				GCC_PREPROCESSOR_DEFINITIONS = (
					"DEBUG=1",
					"$(inherited)",
				);
				GCC_WARN_64_TO_32_BIT_CONVERSION = YES;
				GCC_WARN_ABOUT_RETURN_TYPE = YES_ERROR;
				GCC_WARN_UNDECLARED_SELECTOR = YES;
				GCC_WARN_UNINITIALIZED_AUTOS = YES_AGGRESSIVE;
				GCC_WARN_UNUSED_FUNCTION = YES;
				GCC_WARN_UNUSED_VARIABLE = YES;
				IPHONEOS_DEPLOYMENT_TARGET = 13.0;
				MTL_ENABLE_DEBUG_INFO = INCLUDE_SOURCE;
				MTL_FAST_MATH = YES;
				ONLY_ACTIVE_ARCH = YES;
				SDKROOT = iphoneos;
				SWIFT_ACTIVE_COMPILATION_CONDITIONS = DEBUG;
				SWIFT_OPTIMIZATION_LEVEL = "-Onone";
			};
			name = Debug;
		};
		045985DA24E2F4C70056ED51 /* Release */ = {
			isa = XCBuildConfiguration;
			buildSettings = {
				ALWAYS_SEARCH_USER_PATHS = NO;
				CLANG_ANALYZER_NONNULL = YES;
				CLANG_ANALYZER_NUMBER_OBJECT_CONVERSION = YES_AGGRESSIVE;
				CLANG_CXX_LANGUAGE_STANDARD = "gnu++14";
				CLANG_CXX_LIBRARY = "libc++";
				CLANG_ENABLE_MODULES = YES;
				CLANG_ENABLE_OBJC_ARC = YES;
				CLANG_ENABLE_OBJC_WEAK = YES;
				CLANG_WARN_BLOCK_CAPTURE_AUTORELEASING = YES;
				CLANG_WARN_BOOL_CONVERSION = YES;
				CLANG_WARN_COMMA = YES;
				CLANG_WARN_CONSTANT_CONVERSION = YES;
				CLANG_WARN_DEPRECATED_OBJC_IMPLEMENTATIONS = YES;
				CLANG_WARN_DIRECT_OBJC_ISA_USAGE = YES_ERROR;
				CLANG_WARN_DOCUMENTATION_COMMENTS = YES;
				CLANG_WARN_EMPTY_BODY = YES;
				CLANG_WARN_ENUM_CONVERSION = YES;
				CLANG_WARN_INFINITE_RECURSION = YES;
				CLANG_WARN_INT_CONVERSION = YES;
				CLANG_WARN_NON_LITERAL_NULL_CONVERSION = YES;
				CLANG_WARN_OBJC_IMPLICIT_RETAIN_SELF = YES;
				CLANG_WARN_OBJC_LITERAL_CONVERSION = YES;
				CLANG_WARN_OBJC_ROOT_CLASS = YES_ERROR;
				CLANG_WARN_QUOTED_INCLUDE_IN_FRAMEWORK_HEADER = YES;
				CLANG_WARN_RANGE_LOOP_ANALYSIS = YES;
				CLANG_WARN_STRICT_PROTOTYPES = YES;
				CLANG_WARN_SUSPICIOUS_MOVE = YES;
				CLANG_WARN_UNGUARDED_AVAILABILITY = YES_AGGRESSIVE;
				CLANG_WARN_UNREACHABLE_CODE = YES;
				CLANG_WARN__DUPLICATE_METHOD_MATCH = YES;
				COPY_PHASE_STRIP = NO;
				DEBUG_INFORMATION_FORMAT = "dwarf-with-dsym";
				ENABLE_NS_ASSERTIONS = NO;
				ENABLE_STRICT_OBJC_MSGSEND = YES;
				GCC_C_LANGUAGE_STANDARD = gnu11;
				GCC_NO_COMMON_BLOCKS = YES;
				GCC_WARN_64_TO_32_BIT_CONVERSION = YES;
				GCC_WARN_ABOUT_RETURN_TYPE = YES_ERROR;
				GCC_WARN_UNDECLARED_SELECTOR = YES;
				GCC_WARN_UNINITIALIZED_AUTOS = YES_AGGRESSIVE;
				GCC_WARN_UNUSED_FUNCTION = YES;
				GCC_WARN_UNUSED_VARIABLE = YES;
				IPHONEOS_DEPLOYMENT_TARGET = 13.0;
				MTL_ENABLE_DEBUG_INFO = NO;
				MTL_FAST_MATH = YES;
				SDKROOT = iphoneos;
				SWIFT_COMPILATION_MODE = wholemodule;
				SWIFT_OPTIMIZATION_LEVEL = "-O";
				VALIDATE_PRODUCT = YES;
			};
			name = Release;
		};
		045985DC24E2F4C70056ED51 /* Debug */ = {
			isa = XCBuildConfiguration;
			baseConfigurationReference = 94807B71366032E143A4CC62 /* Pods-Euphoric.debug.xcconfig */;
			buildSettings = {
				ASSETCATALOG_COMPILER_APPICON_NAME = AppIcon;
				ASSETCATALOG_COMPILER_GLOBAL_ACCENT_COLOR_NAME = AccentColor;
				CODE_SIGN_STYLE = Automatic;
				DEVELOPMENT_TEAM = WQ6NF47M42;
				INFOPLIST_FILE = Euphoric/Info.plist;
				IPHONEOS_DEPLOYMENT_TARGET = 13.0;
				LD_RUNPATH_SEARCH_PATHS = (
					"$(inherited)",
					"@executable_path/Frameworks",
				);
				PRODUCT_BUNDLE_IDENTIFIER = com.diegoisco.Euphoric;
				PRODUCT_NAME = "$(TARGET_NAME)";
				SWIFT_VERSION = 5.0;
				TARGETED_DEVICE_FAMILY = 1;
			};
			name = Debug;
		};
		045985DD24E2F4C70056ED51 /* Release */ = {
			isa = XCBuildConfiguration;
			baseConfigurationReference = 1CA34E8E869CF118EC811A0F /* Pods-Euphoric.release.xcconfig */;
			buildSettings = {
				ASSETCATALOG_COMPILER_APPICON_NAME = AppIcon;
				ASSETCATALOG_COMPILER_GLOBAL_ACCENT_COLOR_NAME = AccentColor;
				CODE_SIGN_STYLE = Automatic;
				DEVELOPMENT_TEAM = WQ6NF47M42;
				INFOPLIST_FILE = Euphoric/Info.plist;
				IPHONEOS_DEPLOYMENT_TARGET = 13.0;
				LD_RUNPATH_SEARCH_PATHS = (
					"$(inherited)",
					"@executable_path/Frameworks",
				);
				PRODUCT_BUNDLE_IDENTIFIER = com.diegoisco.Euphoric;
				PRODUCT_NAME = "$(TARGET_NAME)";
				SWIFT_VERSION = 5.0;
				TARGETED_DEVICE_FAMILY = 1;
			};
			name = Release;
		};
/* End XCBuildConfiguration section */

/* Begin XCConfigurationList section */
		045985C224E2F4C30056ED51 /* Build configuration list for PBXProject "Euphoric" */ = {
			isa = XCConfigurationList;
			buildConfigurations = (
				045985D924E2F4C70056ED51 /* Debug */,
				045985DA24E2F4C70056ED51 /* Release */,
			);
			defaultConfigurationIsVisible = 0;
			defaultConfigurationName = Release;
		};
		045985DB24E2F4C70056ED51 /* Build configuration list for PBXNativeTarget "Euphoric" */ = {
			isa = XCConfigurationList;
			buildConfigurations = (
				045985DC24E2F4C70056ED51 /* Debug */,
				045985DD24E2F4C70056ED51 /* Release */,
			);
			defaultConfigurationIsVisible = 0;
			defaultConfigurationName = Release;
		};
/* End XCConfigurationList section */
	};
	rootObject = 045985BF24E2F4C30056ED51 /* Project object */;
}
